// !$*UTF8*$!
{
	archiveVersion = 1;
	classes = {
	};
	objectVersion = 50;
	objects = {

/* Begin PBXBuildFile section */
		52761796211F11CD0062B2B7 /* AppDelegate.swift in Sources */ = {isa = PBXBuildFile; fileRef = 52761795211F11CD0062B2B7 /* AppDelegate.swift */; };
		52761798211F11CD0062B2B7 /* VirtualTouristMapViewController.swift in Sources */ = {isa = PBXBuildFile; fileRef = 52761797211F11CD0062B2B7 /* VirtualTouristMapViewController.swift */; };
		5276179B211F11CD0062B2B7 /* Main.storyboard in Resources */ = {isa = PBXBuildFile; fileRef = 52761799211F11CD0062B2B7 /* Main.storyboard */; };
		5276179E211F11CD0062B2B7 /* VirtualTourist.xcdatamodeld in Sources */ = {isa = PBXBuildFile; fileRef = 5276179C211F11CD0062B2B7 /* VirtualTourist.xcdatamodeld */; };
		527617A0211F11D00062B2B7 /* Assets.xcassets in Resources */ = {isa = PBXBuildFile; fileRef = 5276179F211F11D00062B2B7 /* Assets.xcassets */; };
		527617A3211F11D00062B2B7 /* LaunchScreen.storyboard in Resources */ = {isa = PBXBuildFile; fileRef = 527617A1211F11D00062B2B7 /* LaunchScreen.storyboard */; };
		527617AC212051300062B2B7 /* PinDetailViewController.swift in Sources */ = {isa = PBXBuildFile; fileRef = 527617AB212051300062B2B7 /* PinDetailViewController.swift */; };
		527617AE21216A840062B2B7 /* GCDBlackBox.swift in Sources */ = {isa = PBXBuildFile; fileRef = 527617AD21216A840062B2B7 /* GCDBlackBox.swift */; };
		527617B021216AA60062B2B7 /* VirtualTouristConstants.swift in Sources */ = {isa = PBXBuildFile; fileRef = 527617AF21216AA60062B2B7 /* VirtualTouristConstants.swift */; };
		527617B521216C660062B2B7 /* VirtualTouristClient.swift in Sources */ = {isa = PBXBuildFile; fileRef = 527617B421216C660062B2B7 /* VirtualTouristClient.swift */; };
		527617B721217E500062B2B7 /* VirtualTouristConvenience.swift in Sources */ = {isa = PBXBuildFile; fileRef = 527617B621217E500062B2B7 /* VirtualTouristConvenience.swift */; };
		527617BA2121A6AE0062B2B7 /* PhotoCollectionViewCell.swift in Sources */ = {isa = PBXBuildFile; fileRef = 527617B92121A6AE0062B2B7 /* PhotoCollectionViewCell.swift */; };
		527617BC2121D1810062B2B7 /* VirtualTouristPhoto.swift in Sources */ = {isa = PBXBuildFile; fileRef = 527617BB2121D1810062B2B7 /* VirtualTouristPhoto.swift */; };
/* End PBXBuildFile section */

/* Begin PBXFileReference section */
		52761792211F11CD0062B2B7 /* VirtualTourist.app */ = {isa = PBXFileReference; explicitFileType = wrapper.application; includeInIndex = 0; path = VirtualTourist.app; sourceTree = BUILT_PRODUCTS_DIR; };
		52761795211F11CD0062B2B7 /* AppDelegate.swift */ = {isa = PBXFileReference; lastKnownFileType = sourcecode.swift; path = AppDelegate.swift; sourceTree = "<group>"; };
		52761797211F11CD0062B2B7 /* VirtualTouristMapViewController.swift */ = {isa = PBXFileReference; lastKnownFileType = sourcecode.swift; path = VirtualTouristMapViewController.swift; sourceTree = "<group>"; };
		5276179A211F11CD0062B2B7 /* Base */ = {isa = PBXFileReference; lastKnownFileType = file.storyboard; name = Base; path = Base.lproj/Main.storyboard; sourceTree = "<group>"; };
		5276179D211F11CD0062B2B7 /* VirtualTourist.xcdatamodel */ = {isa = PBXFileReference; lastKnownFileType = wrapper.xcdatamodel; path = VirtualTourist.xcdatamodel; sourceTree = "<group>"; };
		5276179F211F11D00062B2B7 /* Assets.xcassets */ = {isa = PBXFileReference; lastKnownFileType = folder.assetcatalog; path = Assets.xcassets; sourceTree = "<group>"; };
		527617A2211F11D00062B2B7 /* Base */ = {isa = PBXFileReference; lastKnownFileType = file.storyboard; name = Base; path = Base.lproj/LaunchScreen.storyboard; sourceTree = "<group>"; };
		527617A4211F11D00062B2B7 /* Info.plist */ = {isa = PBXFileReference; lastKnownFileType = text.plist.xml; path = Info.plist; sourceTree = "<group>"; };
		527617AB212051300062B2B7 /* PinDetailViewController.swift */ = {isa = PBXFileReference; lastKnownFileType = sourcecode.swift; path = PinDetailViewController.swift; sourceTree = "<group>"; };
		527617AD21216A840062B2B7 /* GCDBlackBox.swift */ = {isa = PBXFileReference; lastKnownFileType = sourcecode.swift; path = GCDBlackBox.swift; sourceTree = "<group>"; };
		527617AF21216AA60062B2B7 /* VirtualTouristConstants.swift */ = {isa = PBXFileReference; lastKnownFileType = sourcecode.swift; path = VirtualTouristConstants.swift; sourceTree = "<group>"; };
		527617B421216C660062B2B7 /* VirtualTouristClient.swift */ = {isa = PBXFileReference; lastKnownFileType = sourcecode.swift; path = VirtualTouristClient.swift; sourceTree = "<group>"; };
		527617B621217E500062B2B7 /* VirtualTouristConvenience.swift */ = {isa = PBXFileReference; lastKnownFileType = sourcecode.swift; path = VirtualTouristConvenience.swift; sourceTree = "<group>"; };
		527617B92121A6AE0062B2B7 /* PhotoCollectionViewCell.swift */ = {isa = PBXFileReference; lastKnownFileType = sourcecode.swift; path = PhotoCollectionViewCell.swift; sourceTree = "<group>"; };
		527617BB2121D1810062B2B7 /* VirtualTouristPhoto.swift */ = {isa = PBXFileReference; lastKnownFileType = sourcecode.swift; path = VirtualTouristPhoto.swift; sourceTree = "<group>"; };
/* End PBXFileReference section */

/* Begin PBXFrameworksBuildPhase section */
		5276178F211F11CD0062B2B7 /* Frameworks */ = {
			isa = PBXFrameworksBuildPhase;
			buildActionMask = 2147483647;
			files = (
			);
			runOnlyForDeploymentPostprocessing = 0;
		};
/* End PBXFrameworksBuildPhase section */

/* Begin PBXGroup section */
		52761789211F11CD0062B2B7 = {
			isa = PBXGroup;
			children = (
				52761794211F11CD0062B2B7 /* VirtualTourist */,
				52761793211F11CD0062B2B7 /* Products */,
			);
			sourceTree = "<group>";
		};
		52761793211F11CD0062B2B7 /* Products */ = {
			isa = PBXGroup;
			children = (
				52761792211F11CD0062B2B7 /* VirtualTourist.app */,
			);
			name = Products;
			sourceTree = "<group>";
		};
		52761794211F11CD0062B2B7 /* VirtualTourist */ = {
			isa = PBXGroup;
			children = (
				52761795211F11CD0062B2B7 /* AppDelegate.swift */,
				527617AD21216A840062B2B7 /* GCDBlackBox.swift */,
				527617B121216C310062B2B7 /* Model */,
				527617B82121A68B0062B2B7 /* Cells */,
				527617AA211F12A90062B2B7 /* Controllers */,
				52761799211F11CD0062B2B7 /* Main.storyboard */,
				5276179F211F11D00062B2B7 /* Assets.xcassets */,
				527617A1211F11D00062B2B7 /* LaunchScreen.storyboard */,
				527617A4211F11D00062B2B7 /* Info.plist */,
				5276179C211F11CD0062B2B7 /* VirtualTourist.xcdatamodeld */,
			);
			path = VirtualTourist;
			sourceTree = "<group>";
		};
		527617AA211F12A90062B2B7 /* Controllers */ = {
			isa = PBXGroup;
			children = (
				52761797211F11CD0062B2B7 /* VirtualTouristMapViewController.swift */,
				527617AB212051300062B2B7 /* PinDetailViewController.swift */,
			);
			path = Controllers;
			sourceTree = "<group>";
		};
		527617B121216C310062B2B7 /* Model */ = {
			isa = PBXGroup;
			children = (
				527617B221216C360062B2B7 /* Clients */,
			);
			path = Model;
			sourceTree = "<group>";
		};
		527617B221216C360062B2B7 /* Clients */ = {
			isa = PBXGroup;
			children = (
				527617B321216C3D0062B2B7 /* VirtualTourist */,
			);
			path = Clients;
			sourceTree = "<group>";
		};
		527617B321216C3D0062B2B7 /* VirtualTourist */ = {
			isa = PBXGroup;
			children = (
				527617B421216C660062B2B7 /* VirtualTouristClient.swift */,
				527617AF21216AA60062B2B7 /* VirtualTouristConstants.swift */,
				527617B621217E500062B2B7 /* VirtualTouristConvenience.swift */,
				527617BB2121D1810062B2B7 /* VirtualTouristPhoto.swift */,
			);
			path = VirtualTourist;
			sourceTree = "<group>";
		};
		527617B82121A68B0062B2B7 /* Cells */ = {
			isa = PBXGroup;
			children = (
				527617B92121A6AE0062B2B7 /* PhotoCollectionViewCell.swift */,
			);
			path = Cells;
			sourceTree = "<group>";
		};
/* End PBXGroup section */

/* Begin PBXNativeTarget section */
		52761791211F11CD0062B2B7 /* VirtualTourist */ = {
			isa = PBXNativeTarget;
			buildConfigurationList = 527617A7211F11D00062B2B7 /* Build configuration list for PBXNativeTarget "VirtualTourist" */;
			buildPhases = (
				5276178E211F11CD0062B2B7 /* Sources */,
				5276178F211F11CD0062B2B7 /* Frameworks */,
				52761790211F11CD0062B2B7 /* Resources */,
			);
			buildRules = (
			);
			dependencies = (
			);
			name = VirtualTourist;
			productName = VirtualTourist;
			productReference = 52761792211F11CD0062B2B7 /* VirtualTourist.app */;
			productType = "com.apple.product-type.application";
		};
/* End PBXNativeTarget section */

/* Begin PBXProject section */
		5276178A211F11CD0062B2B7 /* Project object */ = {
			isa = PBXProject;
			attributes = {
				LastSwiftUpdateCheck = 0940;
				LastUpgradeCheck = 0940;
				ORGANIZATIONNAME = Ziv;
				TargetAttributes = {
					52761791211F11CD0062B2B7 = {
						CreatedOnToolsVersion = 9.4.1;
					};
				};
			};
			buildConfigurationList = 5276178D211F11CD0062B2B7 /* Build configuration list for PBXProject "VirtualTourist" */;
			compatibilityVersion = "Xcode 9.3";
			developmentRegion = en;
			hasScannedForEncodings = 0;
			knownRegions = (
				en,
				Base,
			);
			mainGroup = 52761789211F11CD0062B2B7;
			productRefGroup = 52761793211F11CD0062B2B7 /* Products */;
			projectDirPath = "";
			projectRoot = "";
			targets = (
				52761791211F11CD0062B2B7 /* VirtualTourist */,
			);
		};
/* End PBXProject section */

/* Begin PBXResourcesBuildPhase section */
		52761790211F11CD0062B2B7 /* Resources */ = {
			isa = PBXResourcesBuildPhase;
			buildActionMask = 2147483647;
			files = (
				527617A3211F11D00062B2B7 /* LaunchScreen.storyboard in Resources */,
				527617A0211F11D00062B2B7 /* Assets.xcassets in Resources */,
				5276179B211F11CD0062B2B7 /* Main.storyboard in Resources */,
			);
			runOnlyForDeploymentPostprocessing = 0;
		};
/* End PBXResourcesBuildPhase section */

/* Begin PBXSourcesBuildPhase section */
		5276178E211F11CD0062B2B7 /* Sources */ = {
			isa = PBXSourcesBuildPhase;
			buildActionMask = 2147483647;
			files = (
				527617B721217E500062B2B7 /* VirtualTouristConvenience.swift in Sources */,
				52761798211F11CD0062B2B7 /* VirtualTouristMapViewController.swift in Sources */,
				527617AC212051300062B2B7 /* PinDetailViewController.swift in Sources */,
				527617B521216C660062B2B7 /* VirtualTouristClient.swift in Sources */,
				52761796211F11CD0062B2B7 /* AppDelegate.swift in Sources */,
				527617BA2121A6AE0062B2B7 /* PhotoCollectionViewCell.swift in Sources */,
				5276179E211F11CD0062B2B7 /* VirtualTourist.xcdatamodeld in Sources */,
				527617BC2121D1810062B2B7 /* VirtualTouristPhoto.swift in Sources */,
				527617AE21216A840062B2B7 /* GCDBlackBox.swift in Sources */,
				527617B021216AA60062B2B7 /* VirtualTouristConstants.swift in Sources */,
			);
			runOnlyForDeploymentPostprocessing = 0;
		};
/* End PBXSourcesBuildPhase section */

/* Begin PBXVariantGroup section */
		52761799211F11CD0062B2B7 /* Main.storyboard */ = {
			isa = PBXVariantGroup;
			children = (
				5276179A211F11CD0062B2B7 /* Base */,
			);
			name = Main.storyboard;
			sourceTree = "<group>";
		};
		527617A1211F11D00062B2B7 /* LaunchScreen.storyboard */ = {
			isa = PBXVariantGroup;
			children = (
				527617A2211F11D00062B2B7 /* Base */,
			);
			name = LaunchScreen.storyboard;
			sourceTree = "<group>";
		};
/* End PBXVariantGroup section */

/* Begin XCBuildConfiguration section */
		527617A5211F11D00062B2B7 /* Debug */ = {
			isa = XCBuildConfiguration;
			buildSettings = {
				ALWAYS_SEARCH_USER_PATHS = NO;
				CLANG_ANALYZER_NONNULL = YES;
				CLANG_ANALYZER_NUMBER_OBJECT_CONVERSION = YES_AGGRESSIVE;
				CLANG_CXX_LANGUAGE_STANDARD = "gnu++14";
				CLANG_CXX_LIBRARY = "libc++";
				CLANG_ENABLE_MODULES = YES;
				CLANG_ENABLE_OBJC_ARC = YES;
				CLANG_ENABLE_OBJC_WEAK = YES;
				CLANG_WARN_BLOCK_CAPTURE_AUTORELEASING = YES;
				CLANG_WARN_BOOL_CONVERSION = YES;
				CLANG_WARN_COMMA = YES;
				CLANG_WARN_CONSTANT_CONVERSION = YES;
				CLANG_WARN_DEPRECATED_OBJC_IMPLEMENTATIONS = YES;
				CLANG_WARN_DIRECT_OBJC_ISA_USAGE = YES_ERROR;
				CLANG_WARN_DOCUMENTATION_COMMENTS = YES;
				CLANG_WARN_EMPTY_BODY = YES;
				CLANG_WARN_ENUM_CONVERSION = YES;
				CLANG_WARN_INFINITE_RECURSION = YES;
				CLANG_WARN_INT_CONVERSION = YES;
				CLANG_WARN_NON_LITERAL_NULL_CONVERSION = YES;
				CLANG_WARN_OBJC_IMPLICIT_RETAIN_SELF = YES;
				CLANG_WARN_OBJC_LITERAL_CONVERSION = YES;
				CLANG_WARN_OBJC_ROOT_CLASS = YES_ERROR;
				CLANG_WARN_RANGE_LOOP_ANALYSIS = YES;
				CLANG_WARN_STRICT_PROTOTYPES = YES;
				CLANG_WARN_SUSPICIOUS_MOVE = YES;
				CLANG_WARN_UNGUARDED_AVAILABILITY = YES_AGGRESSIVE;
				CLANG_WARN_UNREACHABLE_CODE = YES;
				CLANG_WARN__DUPLICATE_METHOD_MATCH = YES;
				CODE_SIGN_IDENTITY = "iPhone Developer";
				COPY_PHASE_STRIP = NO;
				DEBUG_INFORMATION_FORMAT = dwarf;
				ENABLE_STRICT_OBJC_MSGSEND = YES;
				ENABLE_TESTABILITY = YES;
				GCC_C_LANGUAGE_STANDARD = gnu11;
				GCC_DYNAMIC_NO_PIC = NO;
				GCC_NO_COMMON_BLOCKS = YES;
				GCC_OPTIMIZATION_LEVEL = 0;
				GCC_PREPROCESSOR_DEFINITIONS = (
					"DEBUG=1",
					"$(inherited)",
				);
				GCC_WARN_64_TO_32_BIT_CONVERSION = YES;
				GCC_WARN_ABOUT_RETURN_TYPE = YES_ERROR;
				GCC_WARN_UNDECLARED_SELECTOR = YES;
				GCC_WARN_UNINITIALIZED_AUTOS = YES_AGGRESSIVE;
				GCC_WARN_UNUSED_FUNCTION = YES;
				GCC_WARN_UNUSED_VARIABLE = YES;
				IPHONEOS_DEPLOYMENT_TARGET = 11.4;
				MTL_ENABLE_DEBUG_INFO = YES;
				ONLY_ACTIVE_ARCH = YES;
				SDKROOT = iphoneos;
				SWIFT_ACTIVE_COMPILATION_CONDITIONS = DEBUG;
				SWIFT_OPTIMIZATION_LEVEL = "-Onone";
			};
			name = Debug;
		};
		527617A6211F11D00062B2B7 /* Release */ = {
			isa = XCBuildConfiguration;
			buildSettings = {
				ALWAYS_SEARCH_USER_PATHS = NO;
				CLANG_ANALYZER_NONNULL = YES;
				CLANG_ANALYZER_NUMBER_OBJECT_CONVERSION = YES_AGGRESSIVE;
				CLANG_CXX_LANGUAGE_STANDARD = "gnu++14";
				CLANG_CXX_LIBRARY = "libc++";
				CLANG_ENABLE_MODULES = YES;
				CLANG_ENABLE_OBJC_ARC = YES;
				CLANG_ENABLE_OBJC_WEAK = YES;
				CLANG_WARN_BLOCK_CAPTURE_AUTORELEASING = YES;
				CLANG_WARN_BOOL_CONVERSION = YES;
				CLANG_WARN_COMMA = YES;
				CLANG_WARN_CONSTANT_CONVERSION = YES;
				CLANG_WARN_DEPRECATED_OBJC_IMPLEMENTATIONS = YES;
				CLANG_WARN_DIRECT_OBJC_ISA_USAGE = YES_ERROR;
				CLANG_WARN_DOCUMENTATION_COMMENTS = YES;
				CLANG_WARN_EMPTY_BODY = YES;
				CLANG_WARN_ENUM_CONVERSION = YES;
				CLANG_WARN_INFINITE_RECURSION = YES;
				CLANG_WARN_INT_CONVERSION = YES;
				CLANG_WARN_NON_LITERAL_NULL_CONVERSION = YES;
				CLANG_WARN_OBJC_IMPLICIT_RETAIN_SELF = YES;
				CLANG_WARN_OBJC_LITERAL_CONVERSION = YES;
				CLANG_WARN_OBJC_ROOT_CLASS = YES_ERROR;
				CLANG_WARN_RANGE_LOOP_ANALYSIS = YES;
				CLANG_WARN_STRICT_PROTOTYPES = YES;
				CLANG_WARN_SUSPICIOUS_MOVE = YES;
				CLANG_WARN_UNGUARDED_AVAILABILITY = YES_AGGRESSIVE;
				CLANG_WARN_UNREACHABLE_CODE = YES;
				CLANG_WARN__DUPLICATE_METHOD_MATCH = YES;
				CODE_SIGN_IDENTITY = "iPhone Developer";
				COPY_PHASE_STRIP = NO;
				DEBUG_INFORMATION_FORMAT = "dwarf-with-dsym";
				ENABLE_NS_ASSERTIONS = NO;
				ENABLE_STRICT_OBJC_MSGSEND = YES;
				GCC_C_LANGUAGE_STANDARD = gnu11;
				GCC_NO_COMMON_BLOCKS = YES;
				GCC_WARN_64_TO_32_BIT_CONVERSION = YES;
				GCC_WARN_ABOUT_RETURN_TYPE = YES_ERROR;
				GCC_WARN_UNDECLARED_SELECTOR = YES;
				GCC_WARN_UNINITIALIZED_AUTOS = YES_AGGRESSIVE;
				GCC_WARN_UNUSED_FUNCTION = YES;
				GCC_WARN_UNUSED_VARIABLE = YES;
				IPHONEOS_DEPLOYMENT_TARGET = 11.4;
				MTL_ENABLE_DEBUG_INFO = NO;
				SDKROOT = iphoneos;
				SWIFT_COMPILATION_MODE = wholemodule;
				SWIFT_OPTIMIZATION_LEVEL = "-O";
				VALIDATE_PRODUCT = YES;
			};
			name = Release;
		};
		527617A8211F11D00062B2B7 /* Debug */ = {
			isa = XCBuildConfiguration;
			buildSettings = {
				ASSETCATALOG_COMPILER_APPICON_NAME = AppIcon;
				CODE_SIGN_STYLE = Automatic;
				DEVELOPMENT_TEAM = 7YQNE577VJ;
				INFOPLIST_FILE = VirtualTourist/Info.plist;
				LD_RUNPATH_SEARCH_PATHS = (
					"$(inherited)",
					"@executable_path/Frameworks",
				);
				PRODUCT_BUNDLE_IDENTIFIER = com.ziv.VirtualTourist;
				PRODUCT_NAME = "$(TARGET_NAME)";
				SWIFT_VERSION = 4.0;
				TARGETED_DEVICE_FAMILY = "1,2";
			};
			name = Debug;
		};
		527617A9211F11D00062B2B7 /* Release */ = {
			isa = XCBuildConfiguration;
			buildSettings = {
				ASSETCATALOG_COMPILER_APPICON_NAME = AppIcon;
				CODE_SIGN_STYLE = Automatic;
				DEVELOPMENT_TEAM = 7YQNE577VJ;
				INFOPLIST_FILE = VirtualTourist/Info.plist;
				LD_RUNPATH_SEARCH_PATHS = (
					"$(inherited)",
					"@executable_path/Frameworks",
				);
				PRODUCT_BUNDLE_IDENTIFIER = com.ziv.VirtualTourist;
				PRODUCT_NAME = "$(TARGET_NAME)";
				SWIFT_VERSION = 4.0;
				TARGETED_DEVICE_FAMILY = "1,2";
			};
			name = Release;
		};
/* End XCBuildConfiguration section */

/* Begin XCConfigurationList section */
		5276178D211F11CD0062B2B7 /* Build configuration list for PBXProject "VirtualTourist" */ = {
			isa = XCConfigurationList;
			buildConfigurations = (
				527617A5211F11D00062B2B7 /* Debug */,
				527617A6211F11D00062B2B7 /* Release */,
			);
			defaultConfigurationIsVisible = 0;
			defaultConfigurationName = Release;
		};
		527617A7211F11D00062B2B7 /* Build configuration list for PBXNativeTarget "VirtualTourist" */ = {
			isa = XCConfigurationList;
			buildConfigurations = (
				527617A8211F11D00062B2B7 /* Debug */,
				527617A9211F11D00062B2B7 /* Release */,
			);
			defaultConfigurationIsVisible = 0;
			defaultConfigurationName = Release;
		};
/* End XCConfigurationList section */

/* Begin XCVersionGroup section */
		5276179C211F11CD0062B2B7 /* VirtualTourist.xcdatamodeld */ = {
			isa = XCVersionGroup;
			children = (
				5276179D211F11CD0062B2B7 /* VirtualTourist.xcdatamodel */,
			);
			currentVersion = 5276179D211F11CD0062B2B7 /* VirtualTourist.xcdatamodel */;
			path = VirtualTourist.xcdatamodeld;
			sourceTree = "<group>";
			versionGroupType = wrapper.xcdatamodel;
		};
/* End XCVersionGroup section */
	};
	rootObject = 5276178A211F11CD0062B2B7 /* Project object */;
}
